
Microsoft Visual Studio Solution File, Format Version 12.00
# Visual Studio Version 18
VisualStudioVersion = 18.3.11512.155
MinimumVisualStudioVersion = 10.0.40219.1
Project("{FAE04EC0-301F-11D3-BF4B-00C04F79EFBC}") = "Aceca.Adm", "Aceca.Adm\Aceca.Adm.csproj", "{6E2B2D90-4102-0278-2AF3-DFAA0547AA2D}"
EndProject
Project("{FAE04EC0-301F-11D3-BF4B-00C04F79EFBC}") = "Aceca.Site", "Aceca.Site\Aceca.Site.csproj", "{C862BAC0-2316-4816-806B-341CA4713ECD}"
EndProject
Global
	GlobalSection(SolutionConfigurationPlatforms) = preSolution
		Debug|Any CPU = Debug|Any CPU
		Release|Any CPU = Release|Any CPU
	EndGlobalSection
	GlobalSection(ProjectConfigurationPlatforms) = postSolution
		{6E2B2D90-4102-0278-2AF3-DFAA0547AA2D}.Debug|Any CPU.ActiveCfg = Debug|Any CPU
		{6E2B2D90-4102-0278-2AF3-DFAA0547AA2D}.Debug|Any CPU.Build.0 = Debug|Any CPU
		{6E2B2D90-4102-0278-2AF3-DFAA0547AA2D}.Release|Any CPU.ActiveCfg = Release|Any CPU
		{6E2B2D90-4102-0278-2AF3-DFAA0547AA2D}.Release|Any CPU.Build.0 = Release|Any CPU
		{C862BAC0-2316-4816-806B-341CA4713ECD}.Debug|Any CPU.ActiveCfg = Debug|Any CPU
		{C862BAC0-2316-4816-806B-341CA4713ECD}.Debug|Any CPU.Build.0 = Debug|Any CPU
		{C862BAC0-2316-4816-806B-341CA4713ECD}.Release|Any CPU.ActiveCfg = Release|Any CPU
		{C862BAC0-2316-4816-806B-341CA4713ECD}.Release|Any CPU.Build.0 = Release|Any CPU
	EndGlobalSection
	GlobalSection(SolutionProperties) = preSolution
		HideSolutionNode = FALSE
	EndGlobalSection
	GlobalSection(ExtensibilityGlobals) = postSolution
		SolutionGuid = {50C04A75-2714-4BD3-87C8-4780858422A7}
	EndGlobalSection
EndGlobal
